{
  "name": "plate-pantry-backend",
  "version": "0.1.0",
  "lockfileVersion": 3,
  "requires": true,
  "packages": {
    "": {
      "name": "plate-pantry-backend",
      "version": "0.1.0",
      "dependencies": {
        "wreq-js": "2.3.1"
      },
      "engines": {
        "node": ">=22.19.0 <23"
      }
    },
    "node_modules/wreq-js": {
      "version": "2.3.1",
      "resolved": "https://registry.npmjs.org/wreq-js/-/wreq-js-2.3.1.tgz",
      "integrity": "sha512-vaKasaKeskrDKEuuO5Q5uamEG9a6FrF5ZSicH7TCvYS4RxF7/gzaU/vYqwJzcs+uydyJPVWY1KCvfVCgp0tiGA==",
      "cpu": [
        "x64",
        "arm64"
      ],
      "license": "MIT",
      "os": [
        "darwin",
        "linux",
        "win32"
      ]
    }
  }
}
